
Microsoft Visual Studio Solution File, Format Version 12.00
# Visual Studio Version 16
VisualStudioVersion = 16.0.31729.503
MinimumVisualStudioVersion = 10.0.40219.1
Project("{FAE04EC0-301F-11D3-BF4B-00C04F79EFBC}") = "Annotations", "Annotations.csproj", "{6A727E77-0BB7-4886-BB4B-15179CFC475C}"
EndProject
Global
	GlobalSection(SolutionConfigurationPlatforms) = preSolution
		Debug|Any CPU = Debug|Any CPU
		Release|Any CPU = Release|Any CPU
	EndGlobalSection
	GlobalSection(ProjectConfigurationPlatforms) = postSolution
		{6A727E77-0BB7-4886-BB4B-15179CFC475C}.Debug|Any CPU.ActiveCfg = Debug|Any CPU
		{6A727E77-0BB7-4886-BB4B-15179CFC475C}.Debug|Any CPU.Build.0 = Debug|Any CPU
		{6A727E77-0BB7-4886-BB4B-15179CFC475C}.Release|Any CPU.ActiveCfg = Release|Any CPU
		{6A727E77-0BB7-4886-BB4B-15179CFC475C}.Release|Any CPU.Build.0 = Release|Any CPU
	EndGlobalSection
	GlobalSection(SolutionProperties) = preSolution
		HideSolutionNode = FALSE
	EndGlobalSection
	GlobalSection(ExtensibilityGlobals) = postSolution
		SolutionGuid = {BBCC62E4-00C3-483E-8CF6-5818BD2948B9}
	EndGlobalSection
EndGlobal
